# THIS IS AN AUTOGENERATED FILE. DO NOT EDIT THIS FILE DIRECTLY.
# yarn lockfile v1


"@esbuild/aix-ppc64@0.21.5":
  version "0.21.5"
  resolved "https://registry.yarnpkg.com/@esbuild/aix-ppc64/-/aix-ppc64-0.21.5.tgz#c7184a326533fcdf1b8ee0733e21c713b975575f"
  integrity sha512-1SDgH6ZSPTlggy1yI6+Dbkiz8xzpHJEVAlF/AM1tHPLsf5STom9rwtjE4hKAF20FfXXNTFqEYXyJNWh1GiZedQ==

"@esbuild/android-arm64@0.21.5":
  version "0.21.5"
  resolved "https://registry.yarnpkg.com/@esbuild/android-arm64/-/android-arm64-0.21.5.tgz#09d9b4357780da9ea3a7dfb833a1f1ff439b4052"
  integrity sha512-c0uX9VAUBQ7dTDCjq+wdyGLowMdtR/GoC2U5IYk/7D1H1JYC0qseD7+11iMP2mRLN9RcCMRcjC4YMclCzGwS/A==

"@esbuild/android-arm@0.21.5":
  version "0.21.5"
  resolved "https://registry.yarnpkg.com/@esbuild/android-arm/-/android-arm-0.21.5.tgz#9b04384fb771926dfa6d7ad04324ecb2ab9b2e28"
  integrity sha512-vCPvzSjpPHEi1siZdlvAlsPxXl7WbOVUBBAowWug4rJHb68Ox8KualB+1ocNvT5fjv6wpkX6o/iEpbDrf68zcg==

"@esbuild/android-x64@0.21.5":
  version "0.21.5"
  resolved "https://registry.yarnpkg.com/@esbuild/android-x64/-/android-x64-0.21.5.tgz#29918ec2db754cedcb6c1b04de8cd6547af6461e"
  integrity sha512-D7aPRUUNHRBwHxzxRvp856rjUHRFW1SdQATKXH2hqA0kAZb1hKmi02OpYRacl0TxIGz/ZmXWlbZgjwWYaCakTA==

"@esbuild/darwin-arm64@0.21.5":
  version "0.21.5"
  resolved "https://registry.npmjs.org/@esbuild/darwin-arm64/-/darwin-arm64-0.21.5.tgz"
  integrity sha512-DwqXqZyuk5AiWWf3UfLiRDJ5EDd49zg6O9wclZ7kUMv2WRFr4HKjXp/5t8JZ11QbQfUS6/cRCKGwYhtNAY88kQ==

"@esbuild/darwin-x64@0.21.5":
  version "0.21.5"
  resolved "https://registry.yarnpkg.com/@esbuild/darwin-x64/-/darwin-x64-0.21.5.tgz#c13838fa57372839abdddc91d71542ceea2e1e22"
  integrity sha512-se/JjF8NlmKVG4kNIuyWMV/22ZaerB+qaSi5MdrXtd6R08kvs2qCN4C09miupktDitvh8jRFflwGFBQcxZRjbw==

"@esbuild/freebsd-arm64@0.21.5":
  version "0.21.5"
  resolved "https://registry.yarnpkg.com/@esbuild/freebsd-arm64/-/freebsd-arm64-0.21.5.tgz#646b989aa20bf89fd071dd5dbfad69a3542e550e"
  integrity sha512-5JcRxxRDUJLX8JXp/wcBCy3pENnCgBR9bN6JsY4OmhfUtIHe3ZW0mawA7+RDAcMLrMIZaf03NlQiX9DGyB8h4g==

"@esbuild/freebsd-x64@0.21.5":
  version "0.21.5"
  resolved "https://registry.yarnpkg.com/@esbuild/freebsd-x64/-/freebsd-x64-0.21.5.tgz#aa615cfc80af954d3458906e38ca22c18cf5c261"
  integrity sha512-J95kNBj1zkbMXtHVH29bBriQygMXqoVQOQYA+ISs0/2l3T9/kj42ow2mpqerRBxDJnmkUDCaQT/dfNXWX/ZZCQ==

"@esbuild/linux-arm64@0.21.5":
  version "0.21.5"
  resolved "https://registry.yarnpkg.com/@esbuild/linux-arm64/-/linux-arm64-0.21.5.tgz#70ac6fa14f5cb7e1f7f887bcffb680ad09922b5b"
  integrity sha512-ibKvmyYzKsBeX8d8I7MH/TMfWDXBF3db4qM6sy+7re0YXya+K1cem3on9XgdT2EQGMu4hQyZhan7TeQ8XkGp4Q==

"@esbuild/linux-arm@0.21.5":
  version "0.21.5"
  resolved "https://registry.yarnpkg.com/@esbuild/linux-arm/-/linux-arm-0.21.5.tgz#fc6fd11a8aca56c1f6f3894f2bea0479f8f626b9"
  integrity sha512-bPb5AHZtbeNGjCKVZ9UGqGwo8EUu4cLq68E95A53KlxAPRmUyYv2D6F0uUI65XisGOL1hBP5mTronbgo+0bFcA==

"@esbuild/linux-ia32@0.21.5":
  version "0.21.5"
  resolved "https://registry.yarnpkg.com/@esbuild/linux-ia32/-/linux-ia32-0.21.5.tgz#3271f53b3f93e3d093d518d1649d6d68d346ede2"
  integrity sha512-YvjXDqLRqPDl2dvRODYmmhz4rPeVKYvppfGYKSNGdyZkA01046pLWyRKKI3ax8fbJoK5QbxblURkwK/MWY18Tg==

"@esbuild/linux-loong64@0.21.5":
  version "0.21.5"
  resolved "https://registry.yarnpkg.com/@esbuild/linux-loong64/-/linux-loong64-0.21.5.tgz#ed62e04238c57026aea831c5a130b73c0f9f26df"
  integrity sha512-uHf1BmMG8qEvzdrzAqg2SIG/02+4/DHB6a9Kbya0XDvwDEKCoC8ZRWI5JJvNdUjtciBGFQ5PuBlpEOXQj+JQSg==

"@esbuild/linux-mips64el@0.21.5":
  version "0.21.5"
  resolved "https://registry.yarnpkg.com/@esbuild/linux-mips64el/-/linux-mips64el-0.21.5.tgz#e79b8eb48bf3b106fadec1ac8240fb97b4e64cbe"
  integrity sha512-IajOmO+KJK23bj52dFSNCMsz1QP1DqM6cwLUv3W1QwyxkyIWecfafnI555fvSGqEKwjMXVLokcV5ygHW5b3Jbg==

"@esbuild/linux-ppc64@0.21.5":
  version "0.21.5"
  resolved "https://registry.yarnpkg.com/@esbuild/linux-ppc64/-/linux-ppc64-0.21.5.tgz#5f2203860a143b9919d383ef7573521fb154c3e4"
  integrity sha512-1hHV/Z4OEfMwpLO8rp7CvlhBDnjsC3CttJXIhBi+5Aj5r+MBvy4egg7wCbe//hSsT+RvDAG7s81tAvpL2XAE4w==

"@esbuild/linux-riscv64@0.21.5":
  version "0.21.5"
  resolved "https://registry.yarnpkg.com/@esbuild/linux-riscv64/-/linux-riscv64-0.21.5.tgz#07bcafd99322d5af62f618cb9e6a9b7f4bb825dc"
  integrity sha512-2HdXDMd9GMgTGrPWnJzP2ALSokE/0O5HhTUvWIbD3YdjME8JwvSCnNGBnTThKGEB91OZhzrJ4qIIxk/SBmyDDA==

"@esbuild/linux-s390x@0.21.5":
  version "0.21.5"
  resolved "https://registry.yarnpkg.com/@esbuild/linux-s390x/-/linux-s390x-0.21.5.tgz#b7ccf686751d6a3e44b8627ababc8be3ef62d8de"
  integrity sha512-zus5sxzqBJD3eXxwvjN1yQkRepANgxE9lgOW2qLnmr8ikMTphkjgXu1HR01K4FJg8h1kEEDAqDcZQtbrRnB41A==

"@esbuild/linux-x64@0.21.5":
  version "0.21.5"
  resolved "https://registry.yarnpkg.com/@esbuild/linux-x64/-/linux-x64-0.21.5.tgz#6d8f0c768e070e64309af8004bb94e68ab2bb3b0"
  integrity sha512-1rYdTpyv03iycF1+BhzrzQJCdOuAOtaqHTWJZCWvijKD2N5Xu0TtVC8/+1faWqcP9iBCWOmjmhoH94dH82BxPQ==

"@esbuild/netbsd-x64@0.21.5":
  version "0.21.5"
  resolved "https://registry.yarnpkg.com/@esbuild/netbsd-x64/-/netbsd-x64-0.21.5.tgz#bbe430f60d378ecb88decb219c602667387a6047"
  integrity sha512-Woi2MXzXjMULccIwMnLciyZH4nCIMpWQAs049KEeMvOcNADVxo0UBIQPfSmxB3CWKedngg7sWZdLvLczpe0tLg==

"@esbuild/openbsd-x64@0.21.5":
  version "0.21.5"
  resolved "https://registry.yarnpkg.com/@esbuild/openbsd-x64/-/openbsd-x64-0.21.5.tgz#99d1cf2937279560d2104821f5ccce220cb2af70"
  integrity sha512-HLNNw99xsvx12lFBUwoT8EVCsSvRNDVxNpjZ7bPn947b8gJPzeHWyNVhFsaerc0n3TsbOINvRP2byTZ5LKezow==

"@esbuild/sunos-x64@0.21.5":
  version "0.21.5"
  resolved "https://registry.yarnpkg.com/@esbuild/sunos-x64/-/sunos-x64-0.21.5.tgz#08741512c10d529566baba837b4fe052c8f3487b"
  integrity sha512-6+gjmFpfy0BHU5Tpptkuh8+uw3mnrvgs+dSPQXQOv3ekbordwnzTVEb4qnIvQcYXq6gzkyTnoZ9dZG+D4garKg==

"@esbuild/win32-arm64@0.21.5":
  version "0.21.5"
  resolved "https://registry.yarnpkg.com/@esbuild/win32-arm64/-/win32-arm64-0.21.5.tgz#675b7385398411240735016144ab2e99a60fc75d"
  integrity sha512-Z0gOTd75VvXqyq7nsl93zwahcTROgqvuAcYDUr+vOv8uHhNSKROyU961kgtCD1e95IqPKSQKH7tBTslnS3tA8A==

"@esbuild/win32-ia32@0.21.5":
  version "0.21.5"
  resolved "https://registry.yarnpkg.com/@esbuild/win32-ia32/-/win32-ia32-0.21.5.tgz#1bfc3ce98aa6ca9a0969e4d2af72144c59c1193b"
  integrity sha512-SWXFF1CL2RVNMaVs+BBClwtfZSvDgtL//G/smwAc5oVK/UPu2Gu9tIaRgFmYFFKrmg3SyAjSrElf0TiJ1v8fYA==

"@esbuild/win32-x64@0.21.5":
  version "0.21.5"
  resolved "https://registry.yarnpkg.com/@esbuild/win32-x64/-/win32-x64-0.21.5.tgz#acad351d582d157bb145535db2a6ff53dd514b5c"
  integrity sha512-tQd/1efJuzPC6rCFwEvLtci/xNFcTZknmXs98FYDfGE4wP9ClFV98nyKrzJKVPMhdDnjzLhdUyMX4PsQAPjwIw==

"@jridgewell/sourcemap-codec@^1.5.0":
  version "1.5.0"
  resolved "https://registry.npmjs.org/@jridgewell/sourcemap-codec/-/sourcemap-codec-1.5.0.tgz"
  integrity sha512-gv3ZRaISU3fjPAgNsriBRqGWQL6quFx04YMPW/zD8XMLsU32mhCCbfbO6KZFLjvYpCZ8zyDEgqsgf+PwPaM7GQ==

"@napi-rs/cli@^2.16.3":
  version "2.18.4"
  resolved "https://registry.npmjs.org/@napi-rs/cli/-/cli-2.18.4.tgz"
  integrity sha512-SgJeA4df9DE2iAEpr3M2H0OKl/yjtg1BnRI5/JyowS71tUWhrfSu2LT0V3vlHET+g1hBVlrO60PmEXwUEKp8Mg==

"@rollup/rollup-android-arm-eabi@4.22.4":
  version "4.22.4"
  resolved "https://registry.yarnpkg.com/@rollup/rollup-android-arm-eabi/-/rollup-android-arm-eabi-4.22.4.tgz#8b613b9725e8f9479d142970b106b6ae878610d5"
  integrity sha512-Fxamp4aEZnfPOcGA8KSNEohV8hX7zVHOemC8jVBoBUHu5zpJK/Eu3uJwt6BMgy9fkvzxDaurgj96F/NiLukF2w==

"@rollup/rollup-android-arm64@4.22.4":
  version "4.22.4"
  resolved "https://registry.yarnpkg.com/@rollup/rollup-android-arm64/-/rollup-android-arm64-4.22.4.tgz#654ca1049189132ff602bfcf8df14c18da1f15fb"
  integrity sha512-VXoK5UMrgECLYaMuGuVTOx5kcuap1Jm8g/M83RnCHBKOqvPPmROFJGQaZhGccnsFtfXQ3XYa4/jMCJvZnbJBdA==

"@rollup/rollup-darwin-arm64@4.22.4":
  version "4.22.4"
  resolved "https://registry.npmjs.org/@rollup/rollup-darwin-arm64/-/rollup-darwin-arm64-4.22.4.tgz"
  integrity sha512-xMM9ORBqu81jyMKCDP+SZDhnX2QEVQzTcC6G18KlTQEzWK8r/oNZtKuZaCcHhnsa6fEeOBionoyl5JsAbE/36Q==

"@rollup/rollup-darwin-x64@4.22.4":
  version "4.22.4"
  resolved "https://registry.yarnpkg.com/@rollup/rollup-darwin-x64/-/rollup-darwin-x64-4.22.4.tgz#42bd19d292a57ee11734c980c4650de26b457791"
  integrity sha512-aJJyYKQwbHuhTUrjWjxEvGnNNBCnmpHDvrb8JFDbeSH3m2XdHcxDd3jthAzvmoI8w/kSjd2y0udT+4okADsZIw==

"@rollup/rollup-linux-arm-gnueabihf@4.22.4":
  version "4.22.4"
  resolved "https://registry.yarnpkg.com/@rollup/rollup-linux-arm-gnueabihf/-/rollup-linux-arm-gnueabihf-4.22.4.tgz#f23555ee3d8fe941c5c5fd458cd22b65eb1c2232"
  integrity sha512-j63YtCIRAzbO+gC2L9dWXRh5BFetsv0j0va0Wi9epXDgU/XUi5dJKo4USTttVyK7fGw2nPWK0PbAvyliz50SCQ==

"@rollup/rollup-linux-arm-musleabihf@4.22.4":
  version "4.22.4"
  resolved "https://registry.yarnpkg.com/@rollup/rollup-linux-arm-musleabihf/-/rollup-linux-arm-musleabihf-4.22.4.tgz#f3bbd1ae2420f5539d40ac1fde2b38da67779baa"
  integrity sha512-dJnWUgwWBX1YBRsuKKMOlXCzh2Wu1mlHzv20TpqEsfdZLb3WoJW2kIEsGwLkroYf24IrPAvOT/ZQ2OYMV6vlrg==

"@rollup/rollup-linux-arm64-gnu@4.22.4":
  version "4.22.4"
  resolved "https://registry.yarnpkg.com/@rollup/rollup-linux-arm64-gnu/-/rollup-linux-arm64-gnu-4.22.4.tgz#7abe900120113e08a1f90afb84c7c28774054d15"
  integrity sha512-AdPRoNi3NKVLolCN/Sp4F4N1d98c4SBnHMKoLuiG6RXgoZ4sllseuGioszumnPGmPM2O7qaAX/IJdeDU8f26Aw==

"@rollup/rollup-linux-arm64-musl@4.22.4":
  version "4.22.4"
  resolved "https://registry.yarnpkg.com/@rollup/rollup-linux-arm64-musl/-/rollup-linux-arm64-musl-4.22.4.tgz#9e655285c8175cd44f57d6a1e8e5dedfbba1d820"
  integrity sha512-Gl0AxBtDg8uoAn5CCqQDMqAx22Wx22pjDOjBdmG0VIWX3qUBHzYmOKh8KXHL4UpogfJ14G4wk16EQogF+v8hmA==

"@rollup/rollup-linux-powerpc64le-gnu@4.22.4":
  version "4.22.4"
  resolved "https://registry.yarnpkg.com/@rollup/rollup-linux-powerpc64le-gnu/-/rollup-linux-powerpc64le-gnu-4.22.4.tgz#9a79ae6c9e9d8fe83d49e2712ecf4302db5bef5e"
  integrity sha512-3aVCK9xfWW1oGQpTsYJJPF6bfpWfhbRnhdlyhak2ZiyFLDaayz0EP5j9V1RVLAAxlmWKTDfS9wyRyY3hvhPoOg==

"@rollup/rollup-linux-riscv64-gnu@4.22.4":
  version "4.22.4"
  resolved "https://registry.yarnpkg.com/@rollup/rollup-linux-riscv64-gnu/-/rollup-linux-riscv64-gnu-4.22.4.tgz#67ac70eca4ace8e2942fabca95164e8874ab8128"
  integrity sha512-ePYIir6VYnhgv2C5Xe9u+ico4t8sZWXschR6fMgoPUK31yQu7hTEJb7bCqivHECwIClJfKgE7zYsh1qTP3WHUA==

"@rollup/rollup-linux-s390x-gnu@4.22.4":
  version "4.22.4"
  resolved "https://registry.yarnpkg.com/@rollup/rollup-linux-s390x-gnu/-/rollup-linux-s390x-gnu-4.22.4.tgz#9f883a7440f51a22ed7f99e1d070bd84ea5005fc"
  integrity sha512-GqFJ9wLlbB9daxhVlrTe61vJtEY99/xB3C8e4ULVsVfflcpmR6c8UZXjtkMA6FhNONhj2eA5Tk9uAVw5orEs4Q==

"@rollup/rollup-linux-x64-gnu@4.22.4":
  version "4.22.4"
  resolved "https://registry.yarnpkg.com/@rollup/rollup-linux-x64-gnu/-/rollup-linux-x64-gnu-4.22.4.tgz#70116ae6c577fe367f58559e2cffb5641a1dd9d0"
  integrity sha512-87v0ol2sH9GE3cLQLNEy0K/R0pz1nvg76o8M5nhMR0+Q+BBGLnb35P0fVz4CQxHYXaAOhE8HhlkaZfsdUOlHwg==

"@rollup/rollup-linux-x64-musl@4.22.4":
  version "4.22.4"
  resolved "https://registry.yarnpkg.com/@rollup/rollup-linux-x64-musl/-/rollup-linux-x64-musl-4.22.4.tgz#f473f88219feb07b0b98b53a7923be716d1d182f"
  integrity sha512-UV6FZMUgePDZrFjrNGIWzDo/vABebuXBhJEqrHxrGiU6HikPy0Z3LfdtciIttEUQfuDdCn8fqh7wiFJjCNwO+g==

"@rollup/rollup-win32-arm64-msvc@4.22.4":
  version "4.22.4"
  resolved "https://registry.yarnpkg.com/@rollup/rollup-win32-arm64-msvc/-/rollup-win32-arm64-msvc-4.22.4.tgz#4349482d17f5d1c58604d1c8900540d676f420e0"
  integrity sha512-BjI+NVVEGAXjGWYHz/vv0pBqfGoUH0IGZ0cICTn7kB9PyjrATSkX+8WkguNjWoj2qSr1im/+tTGRaY+4/PdcQw==

"@rollup/rollup-win32-ia32-msvc@4.22.4":
  version "4.22.4"
  resolved "https://registry.yarnpkg.com/@rollup/rollup-win32-ia32-msvc/-/rollup-win32-ia32-msvc-4.22.4.tgz#a6fc39a15db618040ec3c2a24c1e26cb5f4d7422"
  integrity sha512-SiWG/1TuUdPvYmzmYnmd3IEifzR61Tragkbx9D3+R8mzQqDBz8v+BvZNDlkiTtI9T15KYZhP0ehn3Dld4n9J5g==

"@rollup/rollup-win32-x64-msvc@4.22.4":
  version "4.22.4"
  resolved "https://registry.yarnpkg.com/@rollup/rollup-win32-x64-msvc/-/rollup-win32-x64-msvc-4.22.4.tgz#3dd5d53e900df2a40841882c02e56f866c04d202"
  integrity sha512-j8pPKp53/lq9lMXN57S8cFz0MynJk8OWNuUnXct/9KCpKU7DgU3bYMJhwWmcqC0UU29p8Lr0/7KEVcaM6bf47Q==

"@types/estree@1.0.5":
  version "1.0.5"
  resolved "https://registry.npmjs.org/@types/estree/-/estree-1.0.5.tgz"
  integrity sha512-/kYRxGDLWzHOB7q+wtSUQlFrtcdUccpfy+X+9iMBpHK8QLLhx2wIPYuS5DYtR9Wa/YlZAbIovy7qVdB1Aq6Lyw==

"@types/estree@^1.0.0":
  version "1.0.6"
  resolved "https://registry.npmjs.org/@types/estree/-/estree-1.0.6.tgz"
  integrity sha512-AYnb1nQyY49te+VRAVgmzfcgjYS91mY5P0TKUDCLEM+gNnA+3T6rWITXRLYCpahpqSQbN5cE+gHpnPyXjHWxcw==

"@vitest/expect@2.1.1":
  version "2.1.1"
  resolved "https://registry.npmjs.org/@vitest/expect/-/expect-2.1.1.tgz"
  integrity sha512-YeueunS0HiHiQxk+KEOnq/QMzlUuOzbU1Go+PgAsHvvv3tUkJPm9xWt+6ITNTlzsMXUjmgm5T+U7KBPK2qQV6w==
  dependencies:
    "@vitest/spy" "2.1.1"
    "@vitest/utils" "2.1.1"
    chai "^5.1.1"
    tinyrainbow "^1.2.0"

"@vitest/mocker@2.1.1":
  version "2.1.1"
  resolved "https://registry.npmjs.org/@vitest/mocker/-/mocker-2.1.1.tgz"
  integrity sha512-LNN5VwOEdJqCmJ/2XJBywB11DLlkbY0ooDJW3uRX5cZyYCrc4PI/ePX0iQhE3BiEGiQmK4GE7Q/PqCkkaiPnrA==
  dependencies:
    "@vitest/spy" "^2.1.0-beta.1"
    estree-walker "^3.0.3"
    magic-string "^0.30.11"

"@vitest/pretty-format@2.1.1", "@vitest/pretty-format@^2.1.1":
  version "2.1.1"
  resolved "https://registry.npmjs.org/@vitest/pretty-format/-/pretty-format-2.1.1.tgz"
  integrity sha512-SjxPFOtuINDUW8/UkElJYQSFtnWX7tMksSGW0vfjxMneFqxVr8YJ979QpMbDW7g+BIiq88RAGDjf7en6rvLPPQ==
  dependencies:
    tinyrainbow "^1.2.0"

"@vitest/runner@2.1.1":
  version "2.1.1"
  resolved "https://registry.npmjs.org/@vitest/runner/-/runner-2.1.1.tgz"
  integrity sha512-uTPuY6PWOYitIkLPidaY5L3t0JJITdGTSwBtwMjKzo5O6RCOEncz9PUN+0pDidX8kTHYjO0EwUIvhlGpnGpxmA==
  dependencies:
    "@vitest/utils" "2.1.1"
    pathe "^1.1.2"

"@vitest/snapshot@2.1.1":
  version "2.1.1"
  resolved "https://registry.npmjs.org/@vitest/snapshot/-/snapshot-2.1.1.tgz"
  integrity sha512-BnSku1WFy7r4mm96ha2FzN99AZJgpZOWrAhtQfoxjUU5YMRpq1zmHRq7a5K9/NjqonebO7iVDla+VvZS8BOWMw==
  dependencies:
    "@vitest/pretty-format" "2.1.1"
    magic-string "^0.30.11"
    pathe "^1.1.2"

"@vitest/spy@2.1.1", "@vitest/spy@^2.1.0-beta.1":
  version "2.1.1"
  resolved "https://registry.npmjs.org/@vitest/spy/-/spy-2.1.1.tgz"
  integrity sha512-ZM39BnZ9t/xZ/nF4UwRH5il0Sw93QnZXd9NAZGRpIgj0yvVwPpLd702s/Cx955rGaMlyBQkZJ2Ir7qyY48VZ+g==
  dependencies:
    tinyspy "^3.0.0"

"@vitest/utils@2.1.1":
  version "2.1.1"
  resolved "https://registry.npmjs.org/@vitest/utils/-/utils-2.1.1.tgz"
  integrity sha512-Y6Q9TsI+qJ2CC0ZKj6VBb+T8UPz593N113nnUykqwANqhgf3QkZeHFlusgKLTqrnVHbj/XDKZcDHol+dxVT+rQ==
  dependencies:
    "@vitest/pretty-format" "2.1.1"
    loupe "^3.1.1"
    tinyrainbow "^1.2.0"

assertion-error@^2.0.1:
  version "2.0.1"
  resolved "https://registry.npmjs.org/assertion-error/-/assertion-error-2.0.1.tgz"
  integrity sha512-Izi8RQcffqCeNVgFigKli1ssklIbpHnCYc6AknXGYoB6grJqyeby7jv12JUQgmTAnIDnbck1uxksT4dzN3PWBA==

balanced-match@^1.0.0:
  version "1.0.0"
  resolved "https://registry.npmjs.org/balanced-match/-/balanced-match-1.0.0.tgz"
  integrity sha1-ibTRmasr7kneFk6gK4nORi1xt2c=

brace-expansion@^1.1.7:
  version "1.1.11"
  resolved "https://registry.npmjs.org/brace-expansion/-/brace-expansion-1.1.11.tgz"
  integrity sha512-iCuPHDFgrHX7H2vEI/5xpz07zSHB00TpugqhmYtVmMO6518mCuRMoOYFldEBl0g187ufozdaHgWKcYFb61qGiA==
  dependencies:
    balanced-match "^1.0.0"
    concat-map "0.0.1"

cac@^6.7.14:
  version "6.7.14"
  resolved "https://registry.npmjs.org/cac/-/cac-6.7.14.tgz"
  integrity sha512-b6Ilus+c3RrdDk+JhLKUAQfzzgLEPy6wcXqS7f/xe1EETvsDP6GORG7SFuOs6cID5YkqchW/LXZbX5bc8j7ZcQ==

chai@^5.1.1:
  version "5.1.1"
  resolved "https://registry.npmjs.org/chai/-/chai-5.1.1.tgz"
  integrity sha512-pT1ZgP8rPNqUgieVaEY+ryQr6Q4HXNg8Ei9UnLUrjN4IA7dvQC5JB+/kxVcPNDHyBcc/26CXPkbNzq3qwrOEKA==
  dependencies:
    assertion-error "^2.0.1"
    check-error "^2.1.1"
    deep-eql "^5.0.1"
    loupe "^3.1.0"
    pathval "^2.0.0"

check-error@^2.1.1:
  version "2.1.1"
  resolved "https://registry.npmjs.org/check-error/-/check-error-2.1.1.tgz"
  integrity sha512-OAlb+T7V4Op9OwdkjmguYRqncdlx5JiofwOAUkmTF+jNdHwzTaTs4sRAGpzLF3oOz5xAyDGrPgeIDFQmDOTiJw==

concat-map@0.0.1:
  version "0.0.1"
  resolved "https://registry.npmjs.org/concat-map/-/concat-map-0.0.1.tgz"
  integrity sha1-2Klr13/Wjfd5OnMDajug1UBdR3s=

debug@^4.3.6:
  version "4.3.7"
  resolved "https://registry.npmjs.org/debug/-/debug-4.3.7.tgz"
  integrity sha512-Er2nc/H7RrMXZBFCEim6TCmMk02Z8vLC2Rbi1KEBggpo0fS6l0S1nnapwmIi3yW/+GOJap1Krg4w0Hg80oCqgQ==
  dependencies:
    ms "^2.1.3"

deep-eql@^5.0.1:
  version "5.0.2"
  resolved "https://registry.npmjs.org/deep-eql/-/deep-eql-5.0.2.tgz"
  integrity sha512-h5k/5U50IJJFpzfL6nO9jaaumfjO/f2NjK/oYB2Djzm4p9L+3T9qWpZqZ2hAbLPuuYq9wrU08WQyBTL5GbPk5Q==

deep-equal@~1.1.1:
  version "1.1.1"
  resolved "https://registry.npmjs.org/deep-equal/-/deep-equal-1.1.1.tgz"
  integrity sha512-yd9c5AdiqVcR+JjcwUQb9DkhJc8ngNr0MahEBGvDiJw8puWab2yZlh+nkasOnZP+EGTAP6rRp2JzJhJZzvNF8g==
  dependencies:
    is-arguments "^1.0.4"
    is-date-object "^1.0.1"
    is-regex "^1.0.4"
    object-is "^1.0.1"
    object-keys "^1.1.1"
    regexp.prototype.flags "^1.2.0"

define-properties@^1.1.2, define-properties@^1.1.3:
  version "1.1.3"
  resolved "https://registry.npmjs.org/define-properties/-/define-properties-1.1.3.tgz"
  integrity sha512-3MqfYKj2lLzdMSf8ZIZE/V+Zuy+BgD6f164e8K2w7dgnpKArBDerGYpM46IYYcjnkdPNMjPk9A6VFB8+3SKlXQ==
  dependencies:
    object-keys "^1.0.12"

defined@~1.0.0:
  version "1.0.0"
  resolved "https://registry.npmjs.org/defined/-/defined-1.0.0.tgz"
  integrity sha1-yY2bzvdWdBiOEQlpFRGZ45sfppM=

dotignore@~0.1.2:
  version "0.1.2"
  resolved "https://registry.npmjs.org/dotignore/-/dotignore-0.1.2.tgz"
  integrity sha512-UGGGWfSauusaVJC+8fgV+NVvBXkCTmVv7sk6nojDZZvuOUNGUy0Zk4UpHQD6EDjS0jpBwcACvH4eofvyzBcRDw==
  dependencies:
    minimatch "^3.0.4"

es-abstract@^1.17.0-next.1:
  version "1.17.4"
  resolved "https://registry.npmjs.org/es-abstract/-/es-abstract-1.17.4.tgz"
  integrity sha512-Ae3um/gb8F0mui/jPL+QiqmglkUsaQf7FwBEHYIFkztkneosu9imhqHpBzQ3h1vit8t5iQ74t6PEVvphBZiuiQ==
  dependencies:
    es-to-primitive "^1.2.1"
    function-bind "^1.1.1"
    has "^1.0.3"
    has-symbols "^1.0.1"
    is-callable "^1.1.5"
    is-regex "^1.0.5"
    object-inspect "^1.7.0"
    object-keys "^1.1.1"
    object.assign "^4.1.0"
    string.prototype.trimleft "^2.1.1"
    string.prototype.trimright "^2.1.1"

es-to-primitive@^1.2.1:
  version "1.2.1"
  resolved "https://registry.npmjs.org/es-to-primitive/-/es-to-primitive-1.2.1.tgz"
  integrity sha512-QCOllgZJtaUo9miYBcLChTUaHNjJF3PYs1VidD7AwiEj1kYxKeQTctLAezAOH5ZKRH0g2IgPn6KwB4IT8iRpvA==
  dependencies:
    is-callable "^1.1.4"
    is-date-object "^1.0.1"
    is-symbol "^1.0.2"

esbuild@^0.21.3:
  version "0.21.5"
  resolved "https://registry.npmjs.org/esbuild/-/esbuild-0.21.5.tgz"
  integrity sha512-mg3OPMV4hXywwpoDxu3Qda5xCKQi+vCTZq8S9J/EpkhB2HzKXq4SNFZE3+NK93JYxc8VMSep+lOUSC/RVKaBqw==
  optionalDependencies:
    "@esbuild/aix-ppc64" "0.21.5"
    "@esbuild/android-arm" "0.21.5"
    "@esbuild/android-arm64" "0.21.5"
    "@esbuild/android-x64" "0.21.5"
    "@esbuild/darwin-arm64" "0.21.5"
    "@esbuild/darwin-x64" "0.21.5"
    "@esbuild/freebsd-arm64" "0.21.5"
    "@esbuild/freebsd-x64" "0.21.5"
    "@esbuild/linux-arm" "0.21.5"
    "@esbuild/linux-arm64" "0.21.5"
    "@esbuild/linux-ia32" "0.21.5"
    "@esbuild/linux-loong64" "0.21.5"
    "@esbuild/linux-mips64el" "0.21.5"
    "@esbuild/linux-ppc64" "0.21.5"
    "@esbuild/linux-riscv64" "0.21.5"
    "@esbuild/linux-s390x" "0.21.5"
    "@esbuild/linux-x64" "0.21.5"
    "@esbuild/netbsd-x64" "0.21.5"
    "@esbuild/openbsd-x64" "0.21.5"
    "@esbuild/sunos-x64" "0.21.5"
    "@esbuild/win32-arm64" "0.21.5"
    "@esbuild/win32-ia32" "0.21.5"
    "@esbuild/win32-x64" "0.21.5"

estree-walker@^3.0.3:
  version "3.0.3"
  resolved "https://registry.npmjs.org/estree-walker/-/estree-walker-3.0.3.tgz"
  integrity sha512-7RUKfXgSMMkzt6ZuXmqapOurLGPPfgj6l9uRZ7lRGolvk0y2yocc35LdcxKC5PQZdn2DMqioAQ2NoWcrTKmm6g==
  dependencies:
    "@types/estree" "^1.0.0"

exit@^0.1.2:
  version "0.1.2"
  resolved "https://registry.npmjs.org/exit/-/exit-0.1.2.tgz"
  integrity sha1-BjJjj42HfMghB9MKD/8aF8uhzQw=

for-each@~0.3.3:
  version "0.3.3"
  resolved "https://registry.npmjs.org/for-each/-/for-each-0.3.3.tgz"
  integrity sha512-jqYfLp7mo9vIyQf8ykW2v7A+2N4QjeCeI5+Dz9XraiO1ign81wjiH7Fb9vSOWvQfNtmSa4H2RoQTrrXivdUZmw==
  dependencies:
    is-callable "^1.1.3"

fs.realpath@^1.0.0:
  version "1.0.0"
  resolved "https://registry.npmjs.org/fs.realpath/-/fs.realpath-1.0.0.tgz"
  integrity sha1-FQStJSMVjKpA20onh8sBQRmU6k8=

fsevents@~2.3.2, fsevents@~2.3.3:
  version "2.3.3"
  resolved "https://registry.yarnpkg.com/fsevents/-/fsevents-2.3.3.tgz#cac6407785d03675a2a5e1a5305c697b347d90d6"
  integrity sha512-5xoDfX+fL7faATnagmWPpbFtwh/R77WmMMqqHGS65C3vvB0YHrgF+B1YmZ3441tMj5n63k0212XNoJwzlhffQw==

function-bind@^1.1.1, function-bind@~1.1.1:
  version "1.1.1"
  resolved "https://registry.npmjs.org/function-bind/-/function-bind-1.1.1.tgz"
  integrity sha512-yIovAzMX49sF8Yl58fSCWJ5svSLuaibPxXQJFLmBObTuCr0Mf1KiPopGM9NiFjiYBCbfaa2Fh6breQ6ANVTI0A==

get-func-name@^2.0.1:
  version "2.0.2"
  resolved "https://registry.npmjs.org/get-func-name/-/get-func-name-2.0.2.tgz"
  integrity sha512-8vXOvuE167CtIc3OyItco7N/dpRtBbYOsPsXCz7X/PMnlGjYjSGuZJgM1Y7mmew7BKf9BqvLX2tnOVy1BBUsxQ==

glob@^7.0.6:
  version "7.1.2"
  resolved "https://registry.npmjs.org/glob/-/glob-7.1.2.tgz"
  integrity sha512-MJTUg1kjuLeQCJ+ccE4Vpa6kKVXkPYJ2mOCQyUuKLcLQsdrMCpBPUi8qVE6+YuaJkozeA9NusTAw3hLr8Xe5EQ==
  dependencies:
    fs.realpath "^1.0.0"
    inflight "^1.0.4"
    inherits "2"
    minimatch "^3.0.4"
    once "^1.3.0"
    path-is-absolute "^1.0.0"

glob@~7.1.6:
  version "7.1.6"
  resolved "https://registry.npmjs.org/glob/-/glob-7.1.6.tgz"
  integrity sha512-LwaxwyZ72Lk7vZINtNNrywX0ZuLyStrdDtabefZKAY5ZGJhVtgdznluResxNmPitE0SAO+O26sWTHeKSI2wMBA==
  dependencies:
    fs.realpath "^1.0.0"
    inflight "^1.0.4"
    inherits "2"
    minimatch "^3.0.4"
    once "^1.3.0"
    path-is-absolute "^1.0.0"

has-symbols@^1.0.0, has-symbols@^1.0.1:
  version "1.0.1"
  resolved "https://registry.npmjs.org/has-symbols/-/has-symbols-1.0.1.tgz"
  integrity sha512-PLcsoqu++dmEIZB+6totNFKq/7Do+Z0u4oT0zKOJNl3lYK6vGwwu2hjHs+68OEZbTjiUE9bgOABXbP/GvrS0Kg==

has@^1.0.3, has@~1.0.3:
  version "1.0.3"
  resolved "https://registry.npmjs.org/has/-/has-1.0.3.tgz"
  integrity sha512-f2dvO0VU6Oej7RkWJGrehjbzMAjFp5/VKPp5tTpWIV4JHHZK1/BxbFRtf/siA2SWTe09caDmVtYYzWEIbBS4zw==
  dependencies:
    function-bind "^1.1.1"

inflight@^1.0.4:
  version "1.0.6"
  resolved "https://registry.npmjs.org/inflight/-/inflight-1.0.6.tgz"
  integrity sha1-Sb1jMdfQLQwJvJEKEHW6gWW1bfk=
  dependencies:
    once "^1.3.0"
    wrappy "1"

inherits@2:
  version "2.0.3"
  resolved "https://registry.npmjs.org/inherits/-/inherits-2.0.3.tgz"
  integrity sha1-Yzwsg+PaQqUC9SRmAiSA9CCCYd4=

inherits@~2.0.4:
  version "2.0.4"
  resolved "https://registry.npmjs.org/inherits/-/inherits-2.0.4.tgz"
  integrity sha512-k/vGaX4/Yla3WzyMCvTQOXYeIHvqOKtnqBduzTHpzpQZzAskKMhZ2K+EnBiSM9zGSoIFeMpXKxa4dYeZIQqewQ==

is-arguments@^1.0.4:
  version "1.0.4"
  resolved "https://registry.npmjs.org/is-arguments/-/is-arguments-1.0.4.tgz"
  integrity sha512-xPh0Rmt8NE65sNzvyUmWgI1tz3mKq74lGA0mL8LYZcoIzKOzDh6HmrYm3d18k60nHerC8A9Km8kYu87zfSFnLA==

is-callable@^1.1.3, is-callable@^1.1.4, is-callable@^1.1.5:
  version "1.1.5"
  resolved "https://registry.npmjs.org/is-callable/-/is-callable-1.1.5.tgz"
  integrity sha512-ESKv5sMCJB2jnHTWZ3O5itG+O128Hsus4K4Qh1h2/cgn2vbgnLSVqfV46AeJA9D5EeeLa9w81KUXMtn34zhX+Q==

is-date-object@^1.0.1:
  version "1.0.2"
  resolved "https://registry.npmjs.org/is-date-object/-/is-date-object-1.0.2.tgz"
  integrity sha512-USlDT524woQ08aoZFzh3/Z6ch9Y/EWXEHQ/AaRN0SkKq4t2Jw2R2339tSXmwuVoY7LLlBCbOIlx2myP/L5zk0g==

is-regex@^1.0.4, is-regex@^1.0.5, is-regex@~1.0.5:
  version "1.0.5"
  resolved "https://registry.npmjs.org/is-regex/-/is-regex-1.0.5.tgz"
  integrity sha512-vlKW17SNq44owv5AQR3Cq0bQPEb8+kF3UKZ2fiZNOWtztYE5i0CzCZxFDwO58qAOWtxdBRVO/V5Qin1wjCqFYQ==
  dependencies:
    has "^1.0.3"

is-symbol@^1.0.2:
  version "1.0.3"
  resolved "https://registry.npmjs.org/is-symbol/-/is-symbol-1.0.3.tgz"
  integrity sha512-OwijhaRSgqvhm/0ZdAcXNZt9lYdKFpcRDT5ULUuYXPoT794UNOdU+gpT6Rzo7b4V2HUl/op6GqY894AZwv9faQ==
  dependencies:
    has-symbols "^1.0.1"

jasmine-core@~2.99.0:
  version "2.99.1"
  resolved "https://registry.npmjs.org/jasmine-core/-/jasmine-core-2.99.1.tgz"
  integrity sha1-5kAN8ea1bhMLYcS80JPap/boyhU=

jasmine@^2.99.0:
  version "2.99.0"
  resolved "https://registry.npmjs.org/jasmine/-/jasmine-2.99.0.tgz"
  integrity sha1-jKctEC5jm4Z8ZImFbg4YqceqQrc=
  dependencies:
    exit "^0.1.2"
    glob "^7.0.6"
    jasmine-core "~2.99.0"

loupe@^3.1.0, loupe@^3.1.1:
  version "3.1.1"
  resolved "https://registry.npmjs.org/loupe/-/loupe-3.1.1.tgz"
  integrity sha512-edNu/8D5MKVfGVFRhFf8aAxiTM6Wumfz5XsaatSxlD3w4R1d/WEKUTydCdPGbl9K7QG/Ca3GnDV2sIKIpXRQcw==
  dependencies:
    get-func-name "^2.0.1"

magic-string@^0.30.11:
  version "0.30.11"
  resolved "https://registry.npmjs.org/magic-string/-/magic-string-0.30.11.tgz"
  integrity sha512-+Wri9p0QHMy+545hKww7YAu5NyzF8iomPL/RQazugQ9+Ez4Ic3mERMd8ZTX5rfK944j+560ZJi8iAwgak1Ac7A==
  dependencies:
    "@jridgewell/sourcemap-codec" "^1.5.0"

minimatch@^3.0.4:
  version "3.0.4"
  resolved "https://registry.npmjs.org/minimatch/-/minimatch-3.0.4.tgz"
  integrity sha512-yJHVQEhyqPLUTgt9B83PXu6W3rx4MvvHvSUvToogpwoGDOUQ+yDrR0HRot+yOCdCO7u4hX3pWft6kWBBcqh0UA==
  dependencies:
    brace-expansion "^1.1.7"

minimist@~1.2.0:
  version "1.2.0"
  resolved "https://registry.npmjs.org/minimist/-/minimist-1.2.0.tgz"
  integrity sha1-o1AIsg9BOD7sH7kU9M1d95omQoQ=

ms@^2.1.3:
  version "2.1.3"
  resolved "https://registry.npmjs.org/ms/-/ms-2.1.3.tgz"
  integrity sha512-6FlzubTLZG3J2a/NVCAleEhjzq5oxgHyaCU9yYXvcLsvoVaHJq/s5xXI6/XXP6tz7R9xAOtHnSO/tXtF3WRTlA==

nanoid@^3.3.7:
  version "3.3.7"
  resolved "https://registry.npmjs.org/nanoid/-/nanoid-3.3.7.tgz"
  integrity sha512-eSRppjcPIatRIMC1U6UngP8XFcz8MQWGQdt1MTBQ7NaAmvXDfvNxbvWV3x2y6CdEUciCSsDHDQZbhYaB8QEo2g==

object-inspect@^1.7.0, object-inspect@~1.7.0:
  version "1.7.0"
  resolved "https://registry.npmjs.org/object-inspect/-/object-inspect-1.7.0.tgz"
  integrity sha512-a7pEHdh1xKIAgTySUGgLMx/xwDZskN1Ud6egYYN3EdRW4ZMPNEDUTF+hwy2LUC+Bl+SyLXANnwz/jyh/qutKUw==

object-is@^1.0.1:
  version "1.0.2"
  resolved "https://registry.npmjs.org/object-is/-/object-is-1.0.2.tgz"
  integrity sha512-Epah+btZd5wrrfjkJZq1AOB9O6OxUQto45hzFd7lXGrpHPGE0W1k+426yrZV+k6NJOzLNNW/nVsmZdIWsAqoOQ==

object-keys@^1.0.11, object-keys@^1.0.12, object-keys@^1.1.1:
  version "1.1.1"
  resolved "https://registry.npmjs.org/object-keys/-/object-keys-1.1.1.tgz"
  integrity sha512-NuAESUOUMrlIXOfHKzD6bpPu3tYt3xvjNdRIQ+FeT0lNb4K8WR70CaDxhuNguS2XG+GjkyMwOzsN5ZktImfhLA==

object.assign@^4.1.0:
  version "4.1.0"
  resolved "https://registry.npmjs.org/object.assign/-/object.assign-4.1.0.tgz"
  integrity sha512-exHJeq6kBKj58mqGyTQ9DFvrZC/eR6OwxzoM9YRoGBqrXYonaFyGiFMuc9VZrXf7DarreEwMpurG3dd+CNyW5w==
  dependencies:
    define-properties "^1.1.2"
    function-bind "^1.1.1"
    has-symbols "^1.0.0"
    object-keys "^1.0.11"

once@^1.3.0:
  version "1.4.0"
  resolved "https://registry.npmjs.org/once/-/once-1.4.0.tgz"
  integrity sha1-WDsap3WWHUsROsF9nFC6753Xa9E=
  dependencies:
    wrappy "1"

path-is-absolute@^1.0.0:
  version "1.0.1"
  resolved "https://registry.npmjs.org/path-is-absolute/-/path-is-absolute-1.0.1.tgz"
  integrity sha1-F0uSaHNVNP+8es5r9TpanhtcX18=

path-parse@^1.0.6:
  version "1.0.6"
  resolved "https://registry.npmjs.org/path-parse/-/path-parse-1.0.6.tgz"
  integrity sha512-GSmOT2EbHrINBf9SR7CDELwlJ8AENk3Qn7OikK4nFYAu3Ote2+JYNVvkpAEQm3/TLNEJFD/xZJjzyxg3KBWOzw==

pathe@^1.1.2:
  version "1.1.2"
  resolved "https://registry.npmjs.org/pathe/-/pathe-1.1.2.tgz"
  integrity sha512-whLdWMYL2TwI08hn8/ZqAbrVemu0LNaNNJZX73O6qaIdCTfXutsLhMkjdENX0qhsQ9uIimo4/aQOmXkoon2nDQ==

pathval@^2.0.0:
  version "2.0.0"
  resolved "https://registry.npmjs.org/pathval/-/pathval-2.0.0.tgz"
  integrity sha512-vE7JKRyES09KiunauX7nd2Q9/L7lhok4smP9RZTDeD4MVs72Dp2qNFVz39Nz5a0FVEW0BJR6C0DYrq6unoziZA==

picocolors@^1.1.0:
  version "1.1.0"
  resolved "https://registry.npmjs.org/picocolors/-/picocolors-1.1.0.tgz"
  integrity sha512-TQ92mBOW0l3LeMeyLV6mzy/kWr8lkd/hp3mTg7wYK7zJhuBStmGMBG0BdeDZS/dZx1IukaX6Bk11zcln25o1Aw==

postcss@^8.4.43:
  version "8.4.47"
  resolved "https://registry.npmjs.org/postcss/-/postcss-8.4.47.tgz"
  integrity sha512-56rxCq7G/XfB4EkXq9Egn5GCqugWvDFjafDOThIdMBsI15iqPqR5r15TfSr1YPYeEI19YeaXMCbY6u88Y76GLQ==
  dependencies:
    nanoid "^3.3.7"
    picocolors "^1.1.0"
    source-map-js "^1.2.1"

regexp.prototype.flags@^1.2.0:
  version "1.3.0"
  resolved "https://registry.npmjs.org/regexp.prototype.flags/-/regexp.prototype.flags-1.3.0.tgz"
  integrity sha512-2+Q0C5g951OlYlJz6yu5/M33IcsESLlLfsyIaLJaG4FA2r4yP8MvVMJUUP/fVBkSpbbbZlS5gynbEWLipiiXiQ==
  dependencies:
    define-properties "^1.1.3"
    es-abstract "^1.17.0-next.1"

resolve@~1.14.2:
  version "1.14.2"
  resolved "https://registry.npmjs.org/resolve/-/resolve-1.14.2.tgz"
  integrity sha512-EjlOBLBO1kxsUxsKjLt7TAECyKW6fOh1VRkykQkKGzcBbjjPIxBqGh0jf7GJ3k/f5mxMqW3htMD3WdTUVtW8HQ==
  dependencies:
    path-parse "^1.0.6"

resumer@~0.0.0:
  version "0.0.0"
  resolved "https://registry.npmjs.org/resumer/-/resumer-0.0.0.tgz"
  integrity sha1-8ej0YeQGS6Oegq883CqMiT0HZ1k=
  dependencies:
    through "~2.3.4"

rollup@^4.20.0:
  version "4.22.4"
  resolved "https://registry.npmjs.org/rollup/-/rollup-4.22.4.tgz"
  integrity sha512-vD8HJ5raRcWOyymsR6Z3o6+RzfEPCnVLMFJ6vRslO1jt4LO6dUo5Qnpg7y4RkZFM2DMe3WUirkI5c16onjrc6A==
  dependencies:
    "@types/estree" "1.0.5"
  optionalDependencies:
    "@rollup/rollup-android-arm-eabi" "4.22.4"
    "@rollup/rollup-android-arm64" "4.22.4"
    "@rollup/rollup-darwin-arm64" "4.22.4"
    "@rollup/rollup-darwin-x64" "4.22.4"
    "@rollup/rollup-linux-arm-gnueabihf" "4.22.4"
    "@rollup/rollup-linux-arm-musleabihf" "4.22.4"
    "@rollup/rollup-linux-arm64-gnu" "4.22.4"
    "@rollup/rollup-linux-arm64-musl" "4.22.4"
    "@rollup/rollup-linux-powerpc64le-gnu" "4.22.4"
    "@rollup/rollup-linux-riscv64-gnu" "4.22.4"
    "@rollup/rollup-linux-s390x-gnu" "4.22.4"
    "@rollup/rollup-linux-x64-gnu" "4.22.4"
    "@rollup/rollup-linux-x64-musl" "4.22.4"
    "@rollup/rollup-win32-arm64-msvc" "4.22.4"
    "@rollup/rollup-win32-ia32-msvc" "4.22.4"
    "@rollup/rollup-win32-x64-msvc" "4.22.4"
    fsevents "~2.3.2"

run-script-os@^1.0.3:
  version "1.0.3"
  resolved "https://registry.npmjs.org/run-script-os/-/run-script-os-1.0.3.tgz"
  integrity sha512-CRZRyBfQBh+kHq32rZ6A6zxq6Hx3LzgwgcJ8crozey4Va4IMGsTo+agfmlx3/q2As7egn+Jo9w2T6P0//BJg3A==

siginfo@^2.0.0:
  version "2.0.0"
  resolved "https://registry.npmjs.org/siginfo/-/siginfo-2.0.0.tgz"
  integrity sha512-ybx0WO1/8bSBLEWXZvEd7gMW3Sn3JFlW3TvX1nREbDLRNQNaeNN8WK0meBwPdAaOI7TtRRRJn/Es1zhrrCHu7g==

source-map-js@^1.2.1:
  version "1.2.1"
  resolved "https://registry.npmjs.org/source-map-js/-/source-map-js-1.2.1.tgz"
  integrity sha512-UXWMKhLOwVKb728IUtQPXxfYU+usdybtUrK/8uGE8CQMvrhOpwvzDBwj0QhSL7MQc7vIsISBG8VQ8+IDQxpfQA==

stackback@0.0.2:
  version "0.0.2"
  resolved "https://registry.npmjs.org/stackback/-/stackback-0.0.2.tgz"
  integrity sha512-1XMJE5fQo1jGH6Y/7ebnwPOBEkIEnT4QF32d5R1+VXdXveM0IBMJt8zfaxX1P3QhVwrYe+576+jkANtSS2mBbw==

std-env@^3.7.0:
  version "3.7.0"
  resolved "https://registry.npmjs.org/std-env/-/std-env-3.7.0.tgz"
  integrity sha512-JPbdCEQLj1w5GilpiHAx3qJvFndqybBysA3qUOnznweH4QbNYUsW/ea8QzSrnh0vNsezMMw5bcVool8lM0gwzg==

string.prototype.trim@~1.2.1:
  version "1.2.1"
  resolved "https://registry.npmjs.org/string.prototype.trim/-/string.prototype.trim-1.2.1.tgz"
  integrity sha512-MjGFEeqixw47dAMFMtgUro/I0+wNqZB5GKXGt1fFr24u3TzDXCPu7J9Buppzoe3r/LqkSDLDDJzE15RGWDGAVw==
  dependencies:
    define-properties "^1.1.3"
    es-abstract "^1.17.0-next.1"
    function-bind "^1.1.1"

string.prototype.trimleft@^2.1.1:
  version "2.1.1"
  resolved "https://registry.npmjs.org/string.prototype.trimleft/-/string.prototype.trimleft-2.1.1.tgz"
  integrity sha512-iu2AGd3PuP5Rp7x2kEZCrB2Nf41ehzh+goo8TV7z8/XDBbsvc6HQIlUl9RjkZ4oyrW1XM5UwlGl1oVEaDjg6Ag==
  dependencies:
    define-properties "^1.1.3"
    function-bind "^1.1.1"

string.prototype.trimright@^2.1.1:
  version "2.1.1"
  resolved "https://registry.npmjs.org/string.prototype.trimright/-/string.prototype.trimright-2.1.1.tgz"
  integrity sha512-qFvWL3/+QIgZXVmJBfpHmxLB7xsUXz6HsUmP8+5dRaC3Q7oKUv9Vo6aMCRZC1smrtyECFsIT30PqBJ1gTjAs+g==
  dependencies:
    define-properties "^1.1.3"
    function-bind "^1.1.1"

tape@^4.8.0:
  version "4.13.0"
  resolved "https://registry.npmjs.org/tape/-/tape-4.13.0.tgz"
  integrity sha512-J/hvA+GJnuWJ0Sj8Z0dmu3JgMNU+MmusvkCT7+SN4/2TklW18FNCp/UuHIEhPZwHfy4sXfKYgC7kypKg4umbOw==
  dependencies:
    deep-equal "~1.1.1"
    defined "~1.0.0"
    dotignore "~0.1.2"
    for-each "~0.3.3"
    function-bind "~1.1.1"
    glob "~7.1.6"
    has "~1.0.3"
    inherits "~2.0.4"
    is-regex "~1.0.5"
    minimist "~1.2.0"
    object-inspect "~1.7.0"
    resolve "~1.14.2"
    resumer "~0.0.0"
    string.prototype.trim "~1.2.1"
    through "~2.3.8"

through@~2.3.4, through@~2.3.8:
  version "2.3.8"
  resolved "https://registry.npmjs.org/through/-/through-2.3.8.tgz"
  integrity sha1-DdTJ/6q8NXlgsbckEV1+Doai4fU=

tinybench@^2.9.0:
  version "2.9.0"
  resolved "https://registry.npmjs.org/tinybench/-/tinybench-2.9.0.tgz"
  integrity sha512-0+DUvqWMValLmha6lr4kD8iAMK1HzV0/aKnCtWb9v9641TnP/MFb7Pc2bxoxQjTXAErryXVgUOfv2YqNllqGeg==

tinyexec@^0.3.0:
  version "0.3.0"
  resolved "https://registry.npmjs.org/tinyexec/-/tinyexec-0.3.0.tgz"
  integrity sha512-tVGE0mVJPGb0chKhqmsoosjsS+qUnJVGJpZgsHYQcGoPlG3B51R3PouqTgEGH2Dc9jjFyOqOpix6ZHNMXp1FZg==

tinypool@^1.0.0:
  version "1.0.1"
  resolved "https://registry.npmjs.org/tinypool/-/tinypool-1.0.1.tgz"
  integrity sha512-URZYihUbRPcGv95En+sz6MfghfIc2OJ1sv/RmhWZLouPY0/8Vo80viwPvg3dlaS9fuq7fQMEfgRRK7BBZThBEA==

tinyrainbow@^1.2.0:
  version "1.2.0"
  resolved "https://registry.npmjs.org/tinyrainbow/-/tinyrainbow-1.2.0.tgz"
  integrity sha512-weEDEq7Z5eTHPDh4xjX789+fHfF+P8boiFB+0vbWzpbnbsEr/GRaohi/uMKxg8RZMXnl1ItAi/IUHWMsjDV7kQ==

tinyspy@^3.0.0:
  version "3.0.2"
  resolved "https://registry.npmjs.org/tinyspy/-/tinyspy-3.0.2.tgz"
  integrity sha512-n1cw8k1k0x4pgA2+9XrOkFydTerNcJ1zWCO5Nn9scWHTD+5tp8dghT2x1uduQePZTZgd3Tupf+x9BxJjeJi77Q==

vite-node@2.1.1:
  version "2.1.1"
  resolved "https://registry.npmjs.org/vite-node/-/vite-node-2.1.1.tgz"
  integrity sha512-N/mGckI1suG/5wQI35XeR9rsMsPqKXzq1CdUndzVstBj/HvyxxGctwnK6WX43NGt5L3Z5tcRf83g4TITKJhPrA==
  dependencies:
    cac "^6.7.14"
    debug "^4.3.6"
    pathe "^1.1.2"
    vite "^5.0.0"

vite@^5.0.0:
  version "5.4.7"
  resolved "https://registry.npmjs.org/vite/-/vite-5.4.7.tgz"
  integrity sha512-5l2zxqMEPVENgvzTuBpHer2awaetimj2BGkhBPdnwKbPNOlHsODU+oiazEZzLK7KhAnOrO+XGYJYn4ZlUhDtDQ==
  dependencies:
    esbuild "^0.21.3"
    postcss "^8.4.43"
    rollup "^4.20.0"
  optionalDependencies:
    fsevents "~2.3.3"

vitest@^2.1.1:
  version "2.1.1"
  resolved "https://registry.npmjs.org/vitest/-/vitest-2.1.1.tgz"
  integrity sha512-97We7/VC0e9X5zBVkvt7SGQMGrRtn3KtySFQG5fpaMlS+l62eeXRQO633AYhSTC3z7IMebnPPNjGXVGNRFlxBA==
  dependencies:
    "@vitest/expect" "2.1.1"
    "@vitest/mocker" "2.1.1"
    "@vitest/pretty-format" "^2.1.1"
    "@vitest/runner" "2.1.1"
    "@vitest/snapshot" "2.1.1"
    "@vitest/spy" "2.1.1"
    "@vitest/utils" "2.1.1"
    chai "^5.1.1"
    debug "^4.3.6"
    magic-string "^0.30.11"
    pathe "^1.1.2"
    std-env "^3.7.0"
    tinybench "^2.9.0"
    tinyexec "^0.3.0"
    tinypool "^1.0.0"
    tinyrainbow "^1.2.0"
    vite "^5.0.0"
    vite-node "2.1.1"
    why-is-node-running "^2.3.0"

why-is-node-running@^2.3.0:
  version "2.3.0"
  resolved "https://registry.npmjs.org/why-is-node-running/-/why-is-node-running-2.3.0.tgz"
  integrity sha512-hUrmaWBdVDcxvYqnyh09zunKzROWjbZTiNy8dBEjkS7ehEDQibXJ7XvlmtbwuTclUiIyN+CyXQD4Vmko8fNm8w==
  dependencies:
    siginfo "^2.0.0"
    stackback "0.0.2"

wrappy@1:
  version "1.0.2"
  resolved "https://registry.npmjs.org/wrappy/-/wrappy-1.0.2.tgz"
  integrity sha1-tSQ9jz7BqjXxNkYFvA0QNuMKtp8=
